{
  "name": "saftcloud",
  "lockfileVersion": 2,
  "requires": true,
  "packages": {
    "": {
      "dependencies": {
        "vue-sweetalert2": "^4.3.1"
      }
    },
    "node_modules/sweetalert2": {
      "version": "10.16.9",
      "resolved": "https://registry.npmjs.org/sweetalert2/-/sweetalert2-10.16.9.tgz",
      "integrity": "sha512-oNe+md5tmmS3fGfVHa7gVPlun7Td2oANSacnZCeghnrr3OHBi6UPVPU+GFrymwaDqwQspACilLRmRnM7aTjNPA==",
      "funding": {
        "url": "https://sweetalert2.github.io/#donations"
      }
    },
    "node_modules/vue": {
      "version": "2.6.13",
      "resolved": "https://registry.npmjs.org/vue/-/vue-2.6.13.tgz",
      "integrity": "sha512-O+pAdJkce1ooYS1XyoQtpBQr9An+Oys3w39rkqxukVO3ZD1ilYJkWBGoRuadiQEm2LLJnCL2utV4TMSf52ubjw==",
      "peer": true
    },
    "node_modules/vue-sweetalert2": {
      "version": "4.3.1",
      "resolved": "https://registry.npmjs.org/vue-sweetalert2/-/vue-sweetalert2-4.3.1.tgz",
      "integrity": "sha512-4ZsCpBupG9Q6RJsJ4z/+VkXp0+u5nWz9Z+TcsBU7sS7T47E/ZN3kZSwpCV1F+GdVzurYDcXNcKiwjQ3g7uXzqw==",
      "dependencies": {
        "sweetalert2": "10.x"
      },
      "peerDependencies": {
        "vue": "*"
      }
    }
  },
  "dependencies": {
    "sweetalert2": {
      "version": "10.16.9",
      "resolved": "https://registry.npmjs.org/sweetalert2/-/sweetalert2-10.16.9.tgz",
      "integrity": "sha512-oNe+md5tmmS3fGfVHa7gVPlun7Td2oANSacnZCeghnrr3OHBi6UPVPU+GFrymwaDqwQspACilLRmRnM7aTjNPA=="
    },
    "vue": {
      "version": "2.6.13",
      "resolved": "https://registry.npmjs.org/vue/-/vue-2.6.13.tgz",
      "integrity": "sha512-O+pAdJkce1ooYS1XyoQtpBQr9An+Oys3w39rkqxukVO3ZD1ilYJkWBGoRuadiQEm2LLJnCL2utV4TMSf52ubjw==",
      "peer": true
    },
    "vue-sweetalert2": {
      "version": "4.3.1",
      "resolved": "https://registry.npmjs.org/vue-sweetalert2/-/vue-sweetalert2-4.3.1.tgz",
      "integrity": "sha512-4ZsCpBupG9Q6RJsJ4z/+VkXp0+u5nWz9Z+TcsBU7sS7T47E/ZN3kZSwpCV1F+GdVzurYDcXNcKiwjQ3g7uXzqw==",
      "requires": {
        "sweetalert2": "10.x"
      }
    }
  }
}
